<?xml version="1.0" encoding="utf-8"?>
<Project ToolsVersion="4.0" xmlns="http://schemas.microsoft.com/developer/msbuild/2003">
  <ItemGroup>
    <Filter Include="Source Files">
      <UniqueIdentifier>{4FC737F1-C7A5-4376-A066-2A32D752A2FF}</UniqueIdentifier>
      <Extensions>cpp;c;cc;cxx;def;odl;idl;hpj;bat;asm;asmx</Extensions>
    </Filter>
    <Filter Include="Header Files">
      <UniqueIdentifier>{93995380-89BD-4b04-88EB-625FBE52EBFB}</UniqueIdentifier>
      <Extensions>h;hh;hpp;hxx;hm;inl;inc;xsd</Extensions>
    </Filter>
    <Filter Include="Resource Files">
      <UniqueIdentifier>{67DA6AB6-F800-4c08-8B7A-83BB121AAD01}</UniqueIdentifier>
      <Extensions>rc;ico;cur;bmp;dlg;rc2;rct;bin;rgs;gif;jpg;jpeg;jpe;resx;tiff;tif;png;wav;mfcribbon-ms</Extensions>
    </Filter>
    <Filter Include="Resource Files\FONTS">
      <UniqueIdentifier>{b5e82806-bf9b-4fdf-b17c-c35282c021a5}</UniqueIdentifier>
    </Filter>
    <Filter Include="Resource Files\IMAGES">
      <UniqueIdentifier>{1d793ccc-0d22-4eea-8d0e-c5b5a5270a40}</UniqueIdentifier>
    </Filter>
    <Filter Include="Header Files\Input">
      <UniqueIdentifier>{492c6b32-40d8-4a9f-8d7b-f4959ad27b73}</UniqueIdentifier>
    </Filter>
    <Filter Include="Header Files\Abs.Interfaces">
      <UniqueIdentifier>{fc0fe863-09ef-468e-aaa5-2881e53dd4b7}</UniqueIdentifier>
    </Filter>
    <Filter Include="Header Files\Abs.Classes">
      <UniqueIdentifier>{0c6e4511-7f0a-4e12-afe0-7425cf365a97}</UniqueIdentifier>
    </Filter>
    <Filter Include="Header Files\Behaviours">
      <UniqueIdentifier>{b532eab4-ae76-449b-9ec6-96913d08a763}</UniqueIdentifier>
    </Filter>
    <Filter Include="Resource Files\DOCUMENTATION">
      <UniqueIdentifier>{432d37c5-2336-4597-a4da-e09c882032eb}</UniqueIdentifier>
    </Filter>
    <Filter Include="Resource Files\AUTOMATIONS">
      <UniqueIdentifier>{b8e2caa8-ed7f-45de-ace6-9451eb9edab4}</UniqueIdentifier>
    </Filter>
    <Filter Include="Header Files\Enemies">
      <UniqueIdentifier>{641a97c9-ec20-499b-a847-eae07285cfdb}</UniqueIdentifier>
    </Filter>
    <Filter Include="Resource Files\AUTOMATIONS\Agent">
      <UniqueIdentifier>{63056c86-90e2-4897-abae-e538dd6536ac}</UniqueIdentifier>
    </Filter>
    <Filter Include="Resource Files\AUTOMATIONS\Scripts">
      <UniqueIdentifier>{25290212-7808-4d9b-93d3-2c9d0ccc6259}</UniqueIdentifier>
    </Filter>
    <Filter Include="Header Files\Projectiles">
      <UniqueIdentifier>{b9295663-bd23-4a50-bb5f-6ae5e6710b01}</UniqueIdentifier>
    </Filter>
  </ItemGroup>
  <ItemGroup>
    <ClCompile Include="main.cpp">
      <Filter>Source Files</Filter>
    </ClCompile>
    <ClCompile Include="Game.cpp">
      <Filter>Source Files</Filter>
    </ClCompile>
    <ClCompile Include="player.cpp">
      <Filter>Source Files</Filter>
    </ClCompile>
    <ClCompile Include="InputManager.cpp">
      <Filter>Header Files\Input</Filter>
    </ClCompile>
    <ClCompile Include="Gamepad.cpp">
      <Filter>Header Files\Input</Filter>
    </ClCompile>
    <ClCompile Include="SeekBehaviour.cpp">
      <Filter>Header Files\Behaviours</Filter>
    </ClCompile>
    <ClCompile Include="ArriveBehaviour.cpp">
      <Filter>Header Files\Behaviours</Filter>
    </ClCompile>
    <ClCompile Include="Enemy.cpp">
      <Filter>Header Files\Abs.Classes</Filter>
    </ClCompile>
    <ClCompile Include="GruntEnemy.cpp">
      <Filter>Header Files\Enemies</Filter>
    </ClCompile>
    <ClCompile Include="TurretEnemy.cpp">
      <Filter>Header Files\Enemies</Filter>
    </ClCompile>
    <ClCompile Include="Projectile.cpp">
      <Filter>Header Files\Abs.Classes</Filter>
    </ClCompile>
    <ClCompile Include="NormalBulletProjectile.cpp">
      <Filter>Header Files\Projectiles</Filter>
    </ClCompile>
    <ClCompile Include="Collision.cpp">
      <Filter>Header Files\Abs.Interfaces</Filter>
    </ClCompile>
  </ItemGroup>
  <ItemGroup>
    <ClInclude Include="Game.h">
      <Filter>Header Files</Filter>
    </ClInclude>
    <ClInclude Include="player.h">
      <Filter>Header Files</Filter>
    </ClInclude>
    <ClInclude Include="InputManager.h">
      <Filter>Header Files\Input</Filter>
    </ClInclude>
    <ClInclude Include="Gamepad.h">
      <Filter>Header Files\Input</Filter>
    </ClInclude>
    <ClInclude Include="SeekBehaviour.h">
      <Filter>Header Files\Behaviours</Filter>
    </ClInclude>
    <ClInclude Include="Steering.h">
      <Filter>Header Files\Abs.Interfaces</Filter>
    </ClInclude>
    <ClInclude Include="ArriveBehaviour.h">
      <Filter>Header Files\Behaviours</Filter>
    </ClInclude>
    <ClInclude Include="Enemy.h">
      <Filter>Header Files\Abs.Classes</Filter>
    </ClInclude>
    <ClInclude Include="GruntEnemy.h">
      <Filter>Header Files\Enemies</Filter>
    </ClInclude>
    <ClInclude Include="TurretEnemy.h">
      <Filter>Header Files\Enemies</Filter>
    </ClInclude>
    <ClInclude Include="Projectile.h">
      <Filter>Header Files\Abs.Classes</Filter>
    </ClInclude>
    <ClInclude Include="NormalBulletProjectile.h">
      <Filter>Header Files\Projectiles</Filter>
    </ClInclude>
    <ClInclude Include="Collision.h">
      <Filter>Header Files\Abs.Interfaces</Filter>
    </ClInclude>
  </ItemGroup>
  <ItemGroup>
    <Image Include="ASSETS\IMAGES\SFML-LOGO.png">
      <Filter>Resource Files\IMAGES</Filter>
    </Image>
  </ItemGroup>
  <ItemGroup>
    <Font Include="ASSETS\FONTS\ariblk.ttf">
      <Filter>Resource Files\FONTS</Filter>
    </Font>
  </ItemGroup>
  <ItemGroup>
    <None Include="..\automation\prompts\docs-architecture-development-log-context.md">
      <Filter>Resource Files\AUTOMATIONS\Agent</Filter>
    </None>
    <None Include="..\automation\prompts\git-staged-changes-to-commit-context.md">
      <Filter>Resource Files\AUTOMATIONS\Agent</Filter>
    </None>
    <None Include="..\automation\prompts\player-aiming-mouse-right-stick-reticle-context.md">
      <Filter>Resource Files\AUTOMATIONS\Agent</Filter>
    </None>
    <None Include="..\automation\prompts\steering-enemy-seek-step-by-step-context.md">
      <Filter>Resource Files\AUTOMATIONS\Agent</Filter>
    </None>
    <None Include="..\automation\scripts\merge-summary-generator.ps1">
      <Filter>Resource Files\AUTOMATIONS\Scripts</Filter>
    </None>
  </ItemGroup>
  <ItemGroup>
    <Text Include="..\automation\scripts\output\aiming-merge-changes.txt" />
    <Text Include="..\automation\scripts\output\enemies-merge-changes.txt" />
  </ItemGroup>
</Project>